// !$*UTF8*$!
{
	archiveVersion = 1;
	classes = {
	};
	objectVersion = 50;
	objects = {

/* Begin PBXBuildFile section */
		88E3A11424A62997004EB5A2 /* AppDelegate.swift in Sources */ = {isa = PBXBuildFile; fileRef = 88E3A11324A62997004EB5A2 /* AppDelegate.swift */; };
		88E3A11624A62997004EB5A2 /* SceneDelegate.swift in Sources */ = {isa = PBXBuildFile; fileRef = 88E3A11524A62997004EB5A2 /* SceneDelegate.swift */; };
		88E3A11824A62997004EB5A2 /* ContentView.swift in Sources */ = {isa = PBXBuildFile; fileRef = 88E3A11724A62997004EB5A2 /* ContentView.swift */; };
		88E3A11A24A6299B004EB5A2 /* Assets.xcassets in Resources */ = {isa = PBXBuildFile; fileRef = 88E3A11924A6299B004EB5A2 /* Assets.xcassets */; };
		88E3A11D24A6299B004EB5A2 /* Preview Assets.xcassets in Resources */ = {isa = PBXBuildFile; fileRef = 88E3A11C24A6299B004EB5A2 /* Preview Assets.xcassets */; };
		88E3A12024A6299C004EB5A2 /* LaunchScreen.storyboard in Resources */ = {isa = PBXBuildFile; fileRef = 88E3A11E24A6299C004EB5A2 /* LaunchScreen.storyboard */; };
/* End PBXBuildFile section */

/* Begin PBXFileReference section */
		88E3A11024A62996004EB5A2 /* Challenge2.app */ = {isa = PBXFileReference; explicitFileType = wrapper.application; includeInIndex = 0; path = Challenge2.app; sourceTree = BUILT_PRODUCTS_DIR; };
		88E3A11324A62997004EB5A2 /* AppDelegate.swift */ = {isa = PBXFileReference; lastKnownFileType = sourcecode.swift; path = AppDelegate.swift; sourceTree = "<group>"; };
		88E3A11524A62997004EB5A2 /* SceneDelegate.swift */ = {isa = PBXFileReference; lastKnownFileType = sourcecode.swift; path = SceneDelegate.swift; sourceTree = "<group>"; };
		88E3A11724A62997004EB5A2 /* ContentView.swift */ = {isa = PBXFileReference; lastKnownFileType = sourcecode.swift; path = ContentView.swift; sourceTree = "<group>"; };
		88E3A11924A6299B004EB5A2 /* Assets.xcassets */ = {isa = PBXFileReference; lastKnownFileType = folder.assetcatalog; path = Assets.xcassets; sourceTree = "<group>"; };
		88E3A11C24A6299B004EB5A2 /* Preview Assets.xcassets */ = {isa = PBXFileReference; lastKnownFileType = folder.assetcatalog; path = "Preview Assets.xcassets"; sourceTree = "<group>"; };
		88E3A11F24A6299C004EB5A2 /* Base */ = {isa = PBXFileReference; lastKnownFileType = file.storyboard; name = Base; path = Base.lproj/LaunchScreen.storyboard; sourceTree = "<group>"; };
		88E3A12124A6299C004EB5A2 /* Info.plist */ = {isa = PBXFileReference; lastKnownFileType = text.plist.xml; path = Info.plist; sourceTree = "<group>"; };
/* End PBXFileReference section */

/* Begin PBXFrameworksBuildPhase section */
		88E3A10D24A62996004EB5A2 /* Frameworks */ = {
			isa = PBXFrameworksBuildPhase;
			buildActionMask = 2147483647;
			files = (
			);
			runOnlyForDeploymentPostprocessing = 0;
		};
/* End PBXFrameworksBuildPhase section */

/* Begin PBXGroup section */
		88E3A10724A62996004EB5A2 = {
			isa = PBXGroup;
			children = (
				88E3A11224A62996004EB5A2 /* Challenge2 */,
				88E3A11124A62996004EB5A2 /* Products */,
			);
			sourceTree = "<group>";
		};
		88E3A11124A62996004EB5A2 /* Products */ = {
			isa = PBXGroup;
			children = (
				88E3A11024A62996004EB5A2 /* Challenge2.app */,
			);
			name = Products;
			sourceTree = "<group>";
		};
		88E3A11224A62996004EB5A2 /* Challenge2 */ = {
			isa = PBXGroup;
			children = (
				88E3A11324A62997004EB5A2 /* AppDelegate.swift */,
				88E3A11524A62997004EB5A2 /* SceneDelegate.swift */,
				88E3A11724A62997004EB5A2 /* ContentView.swift */,
				88E3A11924A6299B004EB5A2 /* Assets.xcassets */,
				88E3A11E24A6299C004EB5A2 /* LaunchScreen.storyboard */,
				88E3A12124A6299C004EB5A2 /* Info.plist */,
				88E3A11B24A6299B004EB5A2 /* Preview Content */,
			);
			path = Challenge2;
			sourceTree = "<group>";
		};
		88E3A11B24A6299B004EB5A2 /* Preview Content */ = {
			isa = PBXGroup;
			children = (
				88E3A11C24A6299B004EB5A2 /* Preview Assets.xcassets */,
			);
			path = "Preview Content";
			sourceTree = "<group>";
		};
/* End PBXGroup section */

/* Begin PBXNativeTarget section */
		88E3A10F24A62996004EB5A2 /* Challenge2 */ = {
			isa = PBXNativeTarget;
			buildConfigurationList = 88E3A12424A6299C004EB5A2 /* Build configuration list for PBXNativeTarget "Challenge2" */;
			buildPhases = (
				88E3A10C24A62996004EB5A2 /* Sources */,
				88E3A10D24A62996004EB5A2 /* Frameworks */,
				88E3A10E24A62996004EB5A2 /* Resources */,
			);
			buildRules = (
			);
			dependencies = (
			);
			name = Challenge2;
			productName = Challenge2;
			productReference = 88E3A11024A62996004EB5A2 /* Challenge2.app */;
			productType = "com.apple.product-type.application";
		};
/* End PBXNativeTarget section */

/* Begin PBXProject section */
		88E3A10824A62996004EB5A2 /* Project object */ = {
			isa = PBXProject;
			attributes = {
				LastSwiftUpdateCheck = 1140;
				LastUpgradeCheck = 1140;
				ORGANIZATIONNAME = "Sabesh Bharathi";
				TargetAttributes = {
					88E3A10F24A62996004EB5A2 = {
						CreatedOnToolsVersion = 11.4.1;
					};
				};
			};
			buildConfigurationList = 88E3A10B24A62996004EB5A2 /* Build configuration list for PBXProject "Challenge2" */;
			compatibilityVersion = "Xcode 9.3";
			developmentRegion = en;
			hasScannedForEncodings = 0;
			knownRegions = (
				en,
				Base,
			);
			mainGroup = 88E3A10724A62996004EB5A2;
			productRefGroup = 88E3A11124A62996004EB5A2 /* Products */;
			projectDirPath = "";
			projectRoot = "";
			targets = (
				88E3A10F24A62996004EB5A2 /* Challenge2 */,
			);
		};
/* End PBXProject section */

/* Begin PBXResourcesBuildPhase section */
		88E3A10E24A62996004EB5A2 /* Resources */ = {
			isa = PBXResourcesBuildPhase;
			buildActionMask = 2147483647;
			files = (
				88E3A12024A6299C004EB5A2 /* LaunchScreen.storyboard in Resources */,
				88E3A11D24A6299B004EB5A2 /* Preview Assets.xcassets in Resources */,
				88E3A11A24A6299B004EB5A2 /* Assets.xcassets in Resources */,
			);
			runOnlyForDeploymentPostprocessing = 0;
		};
/* End PBXResourcesBuildPhase section */

/* Begin PBXSourcesBuildPhase section */
		88E3A10C24A62996004EB5A2 /* Sources */ = {
			isa = PBXSourcesBuildPhase;
			buildActionMask = 2147483647;
			files = (
				88E3A11424A62997004EB5A2 /* AppDelegate.swift in Sources */,
				88E3A11624A62997004EB5A2 /* SceneDelegate.swift in Sources */,
				88E3A11824A62997004EB5A2 /* ContentView.swift in Sources */,
			);
			runOnlyForDeploymentPostprocessing = 0;
		};
/* End PBXSourcesBuildPhase section */

/* Begin PBXVariantGroup section */
		88E3A11E24A6299C004EB5A2 /* LaunchScreen.storyboard */ = {
			isa = PBXVariantGroup;
			children = (
				88E3A11F24A6299C004EB5A2 /* Base */,
			);
			name = LaunchScreen.storyboard;
			sourceTree = "<group>";
		};
/* End PBXVariantGroup section */

/* Begin XCBuildConfiguration section */
		88E3A12224A6299C004EB5A2 /* Debug */ = {
			isa = XCBuildConfiguration;
			buildSettings = {
				ALWAYS_SEARCH_USER_PATHS = NO;
				CLANG_ANALYZER_NONNULL = YES;
				CLANG_ANALYZER_NUMBER_OBJECT_CONVERSION = YES_AGGRESSIVE;
				CLANG_CXX_LANGUAGE_STANDARD = "gnu++14";
				CLANG_CXX_LIBRARY = "libc++";
				CLANG_ENABLE_MODULES = YES;
				CLANG_ENABLE_OBJC_ARC = YES;
				CLANG_ENABLE_OBJC_WEAK = YES;
				CLANG_WARN_BLOCK_CAPTURE_AUTORELEASING = YES;
				CLANG_WARN_BOOL_CONVERSION = YES;
				CLANG_WARN_COMMA = YES;
				CLANG_WARN_CONSTANT_CONVERSION = YES;
				CLANG_WARN_DEPRECATED_OBJC_IMPLEMENTATIONS = YES;
				CLANG_WARN_DIRECT_OBJC_ISA_USAGE = YES_ERROR;
				CLANG_WARN_DOCUMENTATION_COMMENTS = YES;
				CLANG_WARN_EMPTY_BODY = YES;
				CLANG_WARN_ENUM_CONVERSION = YES;
				CLANG_WARN_INFINITE_RECURSION = YES;
				CLANG_WARN_INT_CONVERSION = YES;
				CLANG_WARN_NON_LITERAL_NULL_CONVERSION = YES;
				CLANG_WARN_OBJC_IMPLICIT_RETAIN_SELF = YES;
				CLANG_WARN_OBJC_LITERAL_CONVERSION = YES;
				CLANG_WARN_OBJC_ROOT_CLASS = YES_ERROR;
				CLANG_WARN_RANGE_LOOP_ANALYSIS = YES;
				CLANG_WARN_STRICT_PROTOTYPES = YES;
				CLANG_WARN_SUSPICIOUS_MOVE = YES;
				CLANG_WARN_UNGUARDED_AVAILABILITY = YES_AGGRESSIVE;
				CLANG_WARN_UNREACHABLE_CODE = YES;
				CLANG_WARN__DUPLICATE_METHOD_MATCH = YES;
				COPY_PHASE_STRIP = NO;
				DEBUG_INFORMATION_FORMAT = dwarf;
				ENABLE_STRICT_OBJC_MSGSEND = YES;
				ENABLE_TESTABILITY = YES;
				GCC_C_LANGUAGE_STANDARD = gnu11;
				GCC_DYNAMIC_NO_PIC = NO;
				GCC_NO_COMMON_BLOCKS = YES;
				GCC_OPTIMIZATION_LEVEL = 0;
				GCC_PREPROCESSOR_DEFINITIONS = (
					"DEBUG=1",
					"$(inherited)",
				);
				GCC_WARN_64_TO_32_BIT_CONVERSION = YES;
				GCC_WARN_ABOUT_RETURN_TYPE = YES_ERROR;
				GCC_WARN_UNDECLARED_SELECTOR = YES;
				GCC_WARN_UNINITIALIZED_AUTOS = YES_AGGRESSIVE;
				GCC_WARN_UNUSED_FUNCTION = YES;
				GCC_WARN_UNUSED_VARIABLE = YES;
				IPHONEOS_DEPLOYMENT_TARGET = 13.4;
				MTL_ENABLE_DEBUG_INFO = INCLUDE_SOURCE;
				MTL_FAST_MATH = YES;
				ONLY_ACTIVE_ARCH = YES;
				SDKROOT = iphoneos;
				SWIFT_ACTIVE_COMPILATION_CONDITIONS = DEBUG;
				SWIFT_OPTIMIZATION_LEVEL = "-Onone";
			};
			name = Debug;
		};
		88E3A12324A6299C004EB5A2 /* Release */ = {
			isa = XCBuildConfiguration;
			buildSettings = {
				ALWAYS_SEARCH_USER_PATHS = NO;
				CLANG_ANALYZER_NONNULL = YES;
				CLANG_ANALYZER_NUMBER_OBJECT_CONVERSION = YES_AGGRESSIVE;
				CLANG_CXX_LANGUAGE_STANDARD = "gnu++14";
				CLANG_CXX_LIBRARY = "libc++";
				CLANG_ENABLE_MODULES = YES;
				CLANG_ENABLE_OBJC_ARC = YES;
				CLANG_ENABLE_OBJC_WEAK = YES;
				CLANG_WARN_BLOCK_CAPTURE_AUTORELEASING = YES;
				CLANG_WARN_BOOL_CONVERSION = YES;
				CLANG_WARN_COMMA = YES;
				CLANG_WARN_CONSTANT_CONVERSION = YES;
				CLANG_WARN_DEPRECATED_OBJC_IMPLEMENTATIONS = YES;
				CLANG_WARN_DIRECT_OBJC_ISA_USAGE = YES_ERROR;
				CLANG_WARN_DOCUMENTATION_COMMENTS = YES;
				CLANG_WARN_EMPTY_BODY = YES;
				CLANG_WARN_ENUM_CONVERSION = YES;
				CLANG_WARN_INFINITE_RECURSION = YES;
				CLANG_WARN_INT_CONVERSION = YES;
				CLANG_WARN_NON_LITERAL_NULL_CONVERSION = YES;
				CLANG_WARN_OBJC_IMPLICIT_RETAIN_SELF = YES;
				CLANG_WARN_OBJC_LITERAL_CONVERSION = YES;
				CLANG_WARN_OBJC_ROOT_CLASS = YES_ERROR;
				CLANG_WARN_RANGE_LOOP_ANALYSIS = YES;
				CLANG_WARN_STRICT_PROTOTYPES = YES;
				CLANG_WARN_SUSPICIOUS_MOVE = YES;
				CLANG_WARN_UNGUARDED_AVAILABILITY = YES_AGGRESSIVE;
				CLANG_WARN_UNREACHABLE_CODE = YES;
				CLANG_WARN__DUPLICATE_METHOD_MATCH = YES;
				COPY_PHASE_STRIP = NO;
				DEBUG_INFORMATION_FORMAT = "dwarf-with-dsym";
				ENABLE_NS_ASSERTIONS = NO;
				ENABLE_STRICT_OBJC_MSGSEND = YES;
				GCC_C_LANGUAGE_STANDARD = gnu11;
				GCC_NO_COMMON_BLOCKS = YES;
				GCC_WARN_64_TO_32_BIT_CONVERSION = YES;
				GCC_WARN_ABOUT_RETURN_TYPE = YES_ERROR;
				GCC_WARN_UNDECLARED_SELECTOR = YES;
				GCC_WARN_UNINITIALIZED_AUTOS = YES_AGGRESSIVE;
				GCC_WARN_UNUSED_FUNCTION = YES;
				GCC_WARN_UNUSED_VARIABLE = YES;
				IPHONEOS_DEPLOYMENT_TARGET = 13.4;
				MTL_ENABLE_DEBUG_INFO = NO;
				MTL_FAST_MATH = YES;
				SDKROOT = iphoneos;
				SWIFT_COMPILATION_MODE = wholemodule;
				SWIFT_OPTIMIZATION_LEVEL = "-O";
				VALIDATE_PRODUCT = YES;
			};
			name = Release;
		};
		88E3A12524A6299C004EB5A2 /* Debug */ = {
			isa = XCBuildConfiguration;
			buildSettings = {
				ASSETCATALOG_COMPILER_APPICON_NAME = AppIcon;
				CODE_SIGN_STYLE = Automatic;
				DEVELOPMENT_ASSET_PATHS = "\"Challenge2/Preview Content\"";
				DEVELOPMENT_TEAM = X6LYJPR437;
				ENABLE_PREVIEWS = YES;
				INFOPLIST_FILE = Challenge2/Info.plist;
				LD_RUNPATH_SEARCH_PATHS = (
					"$(inherited)",
					"@executable_path/Frameworks",
				);
				PRODUCT_BUNDLE_IDENTIFIER = sabeshbharathi.Challenge2;
				PRODUCT_NAME = "$(TARGET_NAME)";
				SWIFT_VERSION = 5.0;
				TARGETED_DEVICE_FAMILY = "1,2";
			};
			name = Debug;
		};
		88E3A12624A6299C004EB5A2 /* Release */ = {
			isa = XCBuildConfiguration;
			buildSettings = {
				ASSETCATALOG_COMPILER_APPICON_NAME = AppIcon;
				CODE_SIGN_STYLE = Automatic;
				DEVELOPMENT_ASSET_PATHS = "\"Challenge2/Preview Content\"";
				DEVELOPMENT_TEAM = X6LYJPR437;
				ENABLE_PREVIEWS = YES;
				INFOPLIST_FILE = Challenge2/Info.plist;
				LD_RUNPATH_SEARCH_PATHS = (
					"$(inherited)",
					"@executable_path/Frameworks",
				);
				PRODUCT_BUNDLE_IDENTIFIER = sabeshbharathi.Challenge2;
				PRODUCT_NAME = "$(TARGET_NAME)";
				SWIFT_VERSION = 5.0;
				TARGETED_DEVICE_FAMILY = "1,2";
			};
			name = Release;
		};
/* End XCBuildConfiguration section */

/* Begin XCConfigurationList section */
		88E3A10B24A62996004EB5A2 /* Build configuration list for PBXProject "Challenge2" */ = {
			isa = XCConfigurationList;
			buildConfigurations = (
				88E3A12224A6299C004EB5A2 /* Debug */,
				88E3A12324A6299C004EB5A2 /* Release */,
			);
			defaultConfigurationIsVisible = 0;
			defaultConfigurationName = Release;
		};
		88E3A12424A6299C004EB5A2 /* Build configuration list for PBXNativeTarget "Challenge2" */ = {
			isa = XCConfigurationList;
			buildConfigurations = (
				88E3A12524A6299C004EB5A2 /* Debug */,
				88E3A12624A6299C004EB5A2 /* Release */,
			);
			defaultConfigurationIsVisible = 0;
			defaultConfigurationName = Release;
		};
/* End XCConfigurationList section */
	};
	rootObject = 88E3A10824A62996004EB5A2 /* Project object */;
}
